{
  "lockfileVersion": 3,
  "name": "rasenmaeher-ui-tests",
  "packages": {
    "": {
      "devDependencies": {
        "@playwright/test": "^1.49.0",
        "@types/node": "^22.10.0",
        "typescript": "^5.6.3"
      },
      "name": "rasenmaeher-ui-tests",
      "version": "0.0.0"
    },
    "node_modules/@playwright/test": {
      "bin": {
        "playwright": "cli.js"
      },
      "dependencies": {
        "playwright": "1.59.1"
      },
      "dev": true,
      "engines": {
        "node": ">=18"
      },
      "integrity": "sha512-PG6q63nQg5c9rIi4/Z5lR5IVF7yU5MqmKaPOe0HSc0O2cX1fPi96sUQu5j7eo4gKCkB2AnNGoWt7y4/Xx3Kcqg==",
      "license": "Apache-2.0",
      "resolved": "https://registry.npmjs.org/@playwright/test/-/test-1.59.1.tgz",
      "version": "1.59.1"
    },
    "node_modules/@types/node": {
      "dependencies": {
        "undici-types": "~6.21.0"
      },
      "dev": true,
      "integrity": "sha512-wGdMcf+vPYM6jikpS/qhg6WiqSV/OhG+jeeHT/KlVqxYfD40iYJf9/AE1uQxVWFvU7MipKRkRv8NSHiCGgPr8Q==",
      "license": "MIT",
      "resolved": "https://registry.npmjs.org/@types/node/-/node-22.19.17.tgz",
      "version": "22.19.17"
    },
    "node_modules/fsevents": {
      "dev": true,
      "engines": {
        "node": "^8.16.0 || ^10.6.0 || >=11.0.0"
      },
      "hasInstallScript": true,
      "integrity": "sha512-xiqMQR4xAeHTuB9uWm+fFRcIOgKBMiOBP+eXiyT7jsgVCq1bkVygt00oASowB7EdtpOHaaPgKt812P9ab+DDKA==",
      "license": "MIT",
      "optional": true,
      "os": [
        "darwin"
      ],
      "resolved": "https://registry.npmjs.org/fsevents/-/fsevents-2.3.2.tgz",
      "version": "2.3.2"
    },
    "node_modules/playwright": {
      "bin": {
        "playwright": "cli.js"
      },
      "dependencies": {
        "playwright-core": "1.59.1"
      },
      "dev": true,
      "engines": {
        "node": ">=18"
      },
      "integrity": "sha512-C8oWjPR3F81yljW9o5OxcWzfh6avkVwDD2VYdwIGqTkl+OGFISgypqzfu7dOe4QNLL2aqcWBmI3PMtLIK233lw==",
      "license": "Apache-2.0",
      "optionalDependencies": {
        "fsevents": "2.3.2"
      },
      "resolved": "https://registry.npmjs.org/playwright/-/playwright-1.59.1.tgz",
      "version": "1.59.1"
    },
    "node_modules/playwright-core": {
      "bin": {
        "playwright-core": "cli.js"
      },
      "dev": true,
      "engines": {
        "node": ">=18"
      },
      "integrity": "sha512-HBV/RJg81z5BiiZ9yPzIiClYV/QMsDCKUyogwH9p3MCP6IYjUFu/MActgYAvK0oWyV9NlwM3GLBjADyWgydVyg==",
      "license": "Apache-2.0",
      "resolved": "https://registry.npmjs.org/playwright-core/-/playwright-core-1.59.1.tgz",
      "version": "1.59.1"
    },
    "node_modules/typescript": {
      "bin": {
        "tsc": "bin/tsc",
        "tsserver": "bin/tsserver"
      },
      "dev": true,
      "engines": {
        "node": ">=14.17"
      },
      "integrity": "sha512-jl1vZzPDinLr9eUt3J/t7V6FgNEw9QjvBPdysz9KfQDD41fQrC2Y4vKQdiaUpFT4bXlb1RHhLpp8wtm6M5TgSw==",
      "license": "Apache-2.0",
      "resolved": "https://registry.npmjs.org/typescript/-/typescript-5.9.3.tgz",
      "version": "5.9.3"
    },
    "node_modules/undici-types": {
      "dev": true,
      "integrity": "sha512-iwDZqg0QAGrg9Rav5H4n0M64c3mkR59cJ6wQp+7C4nI0gsmExaedaYLNO44eT4AtBBwjbTiGPMlt2Md0T9H9JQ==",
      "license": "MIT",
      "resolved": "https://registry.npmjs.org/undici-types/-/undici-types-6.21.0.tgz",
      "version": "6.21.0"
    }
  },
  "requires": true,
  "version": "0.0.0"
}
